// !$*UTF8*$!
{
	archiveVersion = 1;
	classes = {
	};
	objectVersion = 56;
	objects = {

/* Begin PBXBuildFile section */
		BB0000000000000000000001 /* WritemApp.swift in Sources */ = {isa = PBXBuildFile; fileRef = BB0000000000000000000101 /* WritemApp.swift */; };
		BB0000000000000000000002 /* MarkdownFileDocument.swift in Sources */ = {isa = PBXBuildFile; fileRef = BB0000000000000000000102 /* MarkdownFileDocument.swift */; };
		BB0000000000000000000003 /* EditorMode.swift in Sources */ = {isa = PBXBuildFile; fileRef = BB0000000000000000000103 /* EditorMode.swift */; };
		BB0000000000000000000004 /* Frontmatter.swift in Sources */ = {isa = PBXBuildFile; fileRef = BB0000000000000000000104 /* Frontmatter.swift */; };
		BB0000000000000000000005 /* OutlineItem.swift in Sources */ = {isa = PBXBuildFile; fileRef = BB0000000000000000000105 /* OutlineItem.swift */; };
		BB0000000000000000000006 /* PreflightIssue.swift in Sources */ = {isa = PBXBuildFile; fileRef = BB0000000000000000000106 /* PreflightIssue.swift */; };
		BB0000000000000000000007 /* LineWidthPreset.swift in Sources */ = {isa = PBXBuildFile; fileRef = BB0000000000000000000107 /* LineWidthPreset.swift */; };
		BB0000000000000000000008 /* FrontmatterParser.swift in Sources */ = {isa = PBXBuildFile; fileRef = BB0000000000000000000108 /* FrontmatterParser.swift */; };
		BB0000000000000000000009 /* MarkdownAnalyzer.swift in Sources */ = {isa = PBXBuildFile; fileRef = BB0000000000000000000109 /* MarkdownAnalyzer.swift */; };
		BB000000000000000000000A /* SampleDocument.swift in Sources */ = {isa = PBXBuildFile; fileRef = BB0000000000000000000110 /* SampleDocument.swift */; };
		BB000000000000000000000B /* SnippetLibrary.swift in Sources */ = {isa = PBXBuildFile; fileRef = BB0000000000000000000111 /* SnippetLibrary.swift */; };
		BB000000000000000000000C /* ClipboardService.swift in Sources */ = {isa = PBXBuildFile; fileRef = BB0000000000000000000112 /* ClipboardService.swift */; };
		BB000000000000000000000D /* EditorRootView.swift in Sources */ = {isa = PBXBuildFile; fileRef = BB0000000000000000000113 /* EditorRootView.swift */; };
		BB000000000000000000000E /* EditorCanvasView.swift in Sources */ = {isa = PBXBuildFile; fileRef = BB0000000000000000000114 /* EditorCanvasView.swift */; };
		BB000000000000000000000F /* OutlineSidebarView.swift in Sources */ = {isa = PBXBuildFile; fileRef = BB0000000000000000000115 /* OutlineSidebarView.swift */; };
		BB0000000000000000000010 /* FrontmatterPanelView.swift in Sources */ = {isa = PBXBuildFile; fileRef = BB0000000000000000000116 /* FrontmatterPanelView.swift */; };
		BB0000000000000000000011 /* PreflightPanelView.swift in Sources */ = {isa = PBXBuildFile; fileRef = BB0000000000000000000117 /* PreflightPanelView.swift */; };
		BB0000000000000000000012 /* MarkdownPreviewView.swift in Sources */ = {isa = PBXBuildFile; fileRef = BB0000000000000000000118 /* MarkdownPreviewView.swift */; };
		BB0000000000000000000013 /* Assets.xcassets in Resources */ = {isa = PBXBuildFile; fileRef = BB0000000000000000000119 /* Assets.xcassets */; };
		BB0000000000000000000014 /* ImageResourceManager.swift in Sources */ = {isa = PBXBuildFile; fileRef = BB0000000000000000000120 /* ImageResourceManager.swift */; };
		BB0000000000000000000015 /* EditorSettingsStore.swift in Sources */ = {isa = PBXBuildFile; fileRef = BB0000000000000000000121 /* EditorSettingsStore.swift */; };
		BB0000000000000000000016 /* MarkdownTableService.swift in Sources */ = {isa = PBXBuildFile; fileRef = BB0000000000000000000122 /* MarkdownTableService.swift */; };
		BB0000000000000000000017 /* MarkdownRenderService.swift in Sources */ = {isa = PBXBuildFile; fileRef = BB0000000000000000000123 /* MarkdownRenderService.swift */; };
		BB0000000000000000000018 /* CodeHighlightingService.swift in Sources */ = {isa = PBXBuildFile; fileRef = BB0000000000000000000124 /* CodeHighlightingService.swift */; };
		BB0000000000000000000019 /* DocumentExportService.swift in Sources */ = {isa = PBXBuildFile; fileRef = BB0000000000000000000125 /* DocumentExportService.swift */; };
		BB000000000000000000001A /* SettingsPanelView.swift in Sources */ = {isa = PBXBuildFile; fileRef = BB0000000000000000000126 /* SettingsPanelView.swift */; };
		BB000000000000000000001B /* TableEditorPanelView.swift in Sources */ = {isa = PBXBuildFile; fileRef = BB0000000000000000000127 /* TableEditorPanelView.swift */; };
		BC0000000000000000000001 /* WritemApp.swift in Sources */ = {isa = PBXBuildFile; fileRef = BB0000000000000000000101 /* WritemApp.swift */; };
		BC0000000000000000000002 /* MarkdownFileDocument.swift in Sources */ = {isa = PBXBuildFile; fileRef = BB0000000000000000000102 /* MarkdownFileDocument.swift */; };
		BC0000000000000000000003 /* EditorMode.swift in Sources */ = {isa = PBXBuildFile; fileRef = BB0000000000000000000103 /* EditorMode.swift */; };
		BC0000000000000000000004 /* Frontmatter.swift in Sources */ = {isa = PBXBuildFile; fileRef = BB0000000000000000000104 /* Frontmatter.swift */; };
		BC0000000000000000000005 /* OutlineItem.swift in Sources */ = {isa = PBXBuildFile; fileRef = BB0000000000000000000105 /* OutlineItem.swift */; };
		BC0000000000000000000006 /* PreflightIssue.swift in Sources */ = {isa = PBXBuildFile; fileRef = BB0000000000000000000106 /* PreflightIssue.swift */; };
		BC0000000000000000000007 /* LineWidthPreset.swift in Sources */ = {isa = PBXBuildFile; fileRef = BB0000000000000000000107 /* LineWidthPreset.swift */; };
		BC0000000000000000000008 /* FrontmatterParser.swift in Sources */ = {isa = PBXBuildFile; fileRef = BB0000000000000000000108 /* FrontmatterParser.swift */; };
		BC0000000000000000000009 /* MarkdownAnalyzer.swift in Sources */ = {isa = PBXBuildFile; fileRef = BB0000000000000000000109 /* MarkdownAnalyzer.swift */; };
		BC000000000000000000000A /* SampleDocument.swift in Sources */ = {isa = PBXBuildFile; fileRef = BB0000000000000000000110 /* SampleDocument.swift */; };
		BC000000000000000000000B /* SnippetLibrary.swift in Sources */ = {isa = PBXBuildFile; fileRef = BB0000000000000000000111 /* SnippetLibrary.swift */; };
		BC000000000000000000000C /* ClipboardService.swift in Sources */ = {isa = PBXBuildFile; fileRef = BB0000000000000000000112 /* ClipboardService.swift */; };
		BC000000000000000000000D /* EditorRootView.swift in Sources */ = {isa = PBXBuildFile; fileRef = BB0000000000000000000113 /* EditorRootView.swift */; };
		BC000000000000000000000E /* EditorCanvasView.swift in Sources */ = {isa = PBXBuildFile; fileRef = BB0000000000000000000114 /* EditorCanvasView.swift */; };
		BC000000000000000000000F /* OutlineSidebarView.swift in Sources */ = {isa = PBXBuildFile; fileRef = BB0000000000000000000115 /* OutlineSidebarView.swift */; };
		BC0000000000000000000010 /* FrontmatterPanelView.swift in Sources */ = {isa = PBXBuildFile; fileRef = BB0000000000000000000116 /* FrontmatterPanelView.swift */; };
		BC0000000000000000000011 /* PreflightPanelView.swift in Sources */ = {isa = PBXBuildFile; fileRef = BB0000000000000000000117 /* PreflightPanelView.swift */; };
		BC0000000000000000000012 /* MarkdownPreviewView.swift in Sources */ = {isa = PBXBuildFile; fileRef = BB0000000000000000000118 /* MarkdownPreviewView.swift */; };
		BC0000000000000000000013 /* Assets.xcassets in Resources */ = {isa = PBXBuildFile; fileRef = BB0000000000000000000119 /* Assets.xcassets */; };
		BC0000000000000000000014 /* ImageResourceManager.swift in Sources */ = {isa = PBXBuildFile; fileRef = BB0000000000000000000120 /* ImageResourceManager.swift */; };
		BC0000000000000000000015 /* EditorSettingsStore.swift in Sources */ = {isa = PBXBuildFile; fileRef = BB0000000000000000000121 /* EditorSettingsStore.swift */; };
		BC0000000000000000000016 /* MarkdownTableService.swift in Sources */ = {isa = PBXBuildFile; fileRef = BB0000000000000000000122 /* MarkdownTableService.swift */; };
		BC0000000000000000000017 /* MarkdownRenderService.swift in Sources */ = {isa = PBXBuildFile; fileRef = BB0000000000000000000123 /* MarkdownRenderService.swift */; };
		BC0000000000000000000018 /* CodeHighlightingService.swift in Sources */ = {isa = PBXBuildFile; fileRef = BB0000000000000000000124 /* CodeHighlightingService.swift */; };
		BC0000000000000000000019 /* DocumentExportService.swift in Sources */ = {isa = PBXBuildFile; fileRef = BB0000000000000000000125 /* DocumentExportService.swift */; };
		BC000000000000000000001A /* SettingsPanelView.swift in Sources */ = {isa = PBXBuildFile; fileRef = BB0000000000000000000126 /* SettingsPanelView.swift */; };
		BC000000000000000000001B /* TableEditorPanelView.swift in Sources */ = {isa = PBXBuildFile; fileRef = BB0000000000000000000127 /* TableEditorPanelView.swift */; };
/* End PBXBuildFile section */

/* Begin PBXFileReference section */
		BB00000000000000000000F1 /* Writem.app */ = {isa = PBXFileReference; explicitFileType = wrapper.application; includeInIndex = 0; path = Writem.app; sourceTree = BUILT_PRODUCTS_DIR; };
		BB0000000000000000000101 /* WritemApp.swift */ = {isa = PBXFileReference; lastKnownFileType = sourcecode.swift; path = WritemApp.swift; sourceTree = "<group>"; };
		BB0000000000000000000102 /* MarkdownFileDocument.swift */ = {isa = PBXFileReference; lastKnownFileType = sourcecode.swift; path = MarkdownFileDocument.swift; sourceTree = "<group>"; };
		BB0000000000000000000103 /* EditorMode.swift */ = {isa = PBXFileReference; lastKnownFileType = sourcecode.swift; path = EditorMode.swift; sourceTree = "<group>"; };
		BB0000000000000000000104 /* Frontmatter.swift */ = {isa = PBXFileReference; lastKnownFileType = sourcecode.swift; path = Frontmatter.swift; sourceTree = "<group>"; };
		BB0000000000000000000105 /* OutlineItem.swift */ = {isa = PBXFileReference; lastKnownFileType = sourcecode.swift; path = OutlineItem.swift; sourceTree = "<group>"; };
		BB0000000000000000000106 /* PreflightIssue.swift */ = {isa = PBXFileReference; lastKnownFileType = sourcecode.swift; path = PreflightIssue.swift; sourceTree = "<group>"; };
		BB0000000000000000000107 /* LineWidthPreset.swift */ = {isa = PBXFileReference; lastKnownFileType = sourcecode.swift; path = LineWidthPreset.swift; sourceTree = "<group>"; };
		BB0000000000000000000108 /* FrontmatterParser.swift */ = {isa = PBXFileReference; lastKnownFileType = sourcecode.swift; path = FrontmatterParser.swift; sourceTree = "<group>"; };
		BB0000000000000000000109 /* MarkdownAnalyzer.swift */ = {isa = PBXFileReference; lastKnownFileType = sourcecode.swift; path = MarkdownAnalyzer.swift; sourceTree = "<group>"; };
		BB0000000000000000000110 /* SampleDocument.swift */ = {isa = PBXFileReference; lastKnownFileType = sourcecode.swift; path = SampleDocument.swift; sourceTree = "<group>"; };
		BB0000000000000000000111 /* SnippetLibrary.swift */ = {isa = PBXFileReference; lastKnownFileType = sourcecode.swift; path = SnippetLibrary.swift; sourceTree = "<group>"; };
		BB0000000000000000000112 /* ClipboardService.swift */ = {isa = PBXFileReference; lastKnownFileType = sourcecode.swift; path = ClipboardService.swift; sourceTree = "<group>"; };
		BB0000000000000000000113 /* EditorRootView.swift */ = {isa = PBXFileReference; lastKnownFileType = sourcecode.swift; path = EditorRootView.swift; sourceTree = "<group>"; };
		BB0000000000000000000114 /* EditorCanvasView.swift */ = {isa = PBXFileReference; lastKnownFileType = sourcecode.swift; path = EditorCanvasView.swift; sourceTree = "<group>"; };
		BB0000000000000000000115 /* OutlineSidebarView.swift */ = {isa = PBXFileReference; lastKnownFileType = sourcecode.swift; path = OutlineSidebarView.swift; sourceTree = "<group>"; };
		BB0000000000000000000116 /* FrontmatterPanelView.swift */ = {isa = PBXFileReference; lastKnownFileType = sourcecode.swift; path = FrontmatterPanelView.swift; sourceTree = "<group>"; };
		BB0000000000000000000117 /* PreflightPanelView.swift */ = {isa = PBXFileReference; lastKnownFileType = sourcecode.swift; path = PreflightPanelView.swift; sourceTree = "<group>"; };
		BB0000000000000000000118 /* MarkdownPreviewView.swift */ = {isa = PBXFileReference; lastKnownFileType = sourcecode.swift; path = MarkdownPreviewView.swift; sourceTree = "<group>"; };
		BB0000000000000000000119 /* Assets.xcassets */ = {isa = PBXFileReference; lastKnownFileType = folder.assetcatalog; path = Assets.xcassets; sourceTree = "<group>"; };
		BB0000000000000000000120 /* ImageResourceManager.swift */ = {isa = PBXFileReference; lastKnownFileType = sourcecode.swift; path = ImageResourceManager.swift; sourceTree = "<group>"; };
		BB0000000000000000000121 /* EditorSettingsStore.swift */ = {isa = PBXFileReference; lastKnownFileType = sourcecode.swift; path = EditorSettingsStore.swift; sourceTree = "<group>"; };
		BB0000000000000000000122 /* MarkdownTableService.swift */ = {isa = PBXFileReference; lastKnownFileType = sourcecode.swift; path = MarkdownTableService.swift; sourceTree = "<group>"; };
		BB0000000000000000000123 /* MarkdownRenderService.swift */ = {isa = PBXFileReference; lastKnownFileType = sourcecode.swift; path = MarkdownRenderService.swift; sourceTree = "<group>"; };
		BB0000000000000000000124 /* CodeHighlightingService.swift */ = {isa = PBXFileReference; lastKnownFileType = sourcecode.swift; path = CodeHighlightingService.swift; sourceTree = "<group>"; };
		BB0000000000000000000125 /* DocumentExportService.swift */ = {isa = PBXFileReference; lastKnownFileType = sourcecode.swift; path = DocumentExportService.swift; sourceTree = "<group>"; };
		BB0000000000000000000126 /* SettingsPanelView.swift */ = {isa = PBXFileReference; lastKnownFileType = sourcecode.swift; path = SettingsPanelView.swift; sourceTree = "<group>"; };
		BB0000000000000000000127 /* TableEditorPanelView.swift */ = {isa = PBXFileReference; lastKnownFileType = sourcecode.swift; path = TableEditorPanelView.swift; sourceTree = "<group>"; };
		BB0000000000000000000128 /* Writem.entitlements */ = {isa = PBXFileReference; lastKnownFileType = text.plist.entitlements; path = Writem.entitlements; sourceTree = "<group>"; };
		BC00000000000000000000F1 /* WritemMac.app */ = {isa = PBXFileReference; explicitFileType = wrapper.application; includeInIndex = 0; path = WritemMac.app; sourceTree = BUILT_PRODUCTS_DIR; };
/* End PBXFileReference section */

/* Begin PBXFrameworksBuildPhase section */
		BB00000000000000000000D1 /* Frameworks */ = {
			isa = PBXFrameworksBuildPhase;
			buildActionMask = 2147483647;
			files = (
			);
			runOnlyForDeploymentPostprocessing = 0;
		};
		BC00000000000000000000D1 /* Frameworks */ = {
			isa = PBXFrameworksBuildPhase;
			buildActionMask = 2147483647;
			files = (
			);
			runOnlyForDeploymentPostprocessing = 0;
		};
/* End PBXFrameworksBuildPhase section */

/* Begin PBXGroup section */
		BB00000000000000000000A1 = {
			isa = PBXGroup;
			children = (
				BB00000000000000000000A2 /* Writem */,
				BB00000000000000000000A3 /* Products */,
			);
			sourceTree = "<group>";
		};
		BB00000000000000000000A2 /* Writem */ = {
			isa = PBXGroup;
			children = (
				BB0000000000000000000101 /* WritemApp.swift */,
				BB00000000000000000000A4 /* Models */,
				BB00000000000000000000A5 /* Services */,
				BB00000000000000000000A6 /* Views */,
				BB0000000000000000000119 /* Assets.xcassets */,
				BB0000000000000000000128 /* Writem.entitlements */,
			);
			path = Writem;
			sourceTree = "<group>";
		};
		BB00000000000000000000A3 /* Products */ = {
			isa = PBXGroup;
			children = (
				BB00000000000000000000F1 /* Writem.app */,
				BC00000000000000000000F1 /* WritemMac.app */,
			);
			name = Products;
			sourceTree = "<group>";
		};
		BB00000000000000000000A4 /* Models */ = {
			isa = PBXGroup;
			children = (
				BB0000000000000000000102 /* MarkdownFileDocument.swift */,
				BB0000000000000000000103 /* EditorMode.swift */,
				BB0000000000000000000104 /* Frontmatter.swift */,
				BB0000000000000000000105 /* OutlineItem.swift */,
				BB0000000000000000000106 /* PreflightIssue.swift */,
				BB0000000000000000000107 /* LineWidthPreset.swift */,
			);
			path = Models;
			sourceTree = "<group>";
		};
		BB00000000000000000000A5 /* Services */ = {
			isa = PBXGroup;
			children = (
				BB0000000000000000000108 /* FrontmatterParser.swift */,
				BB0000000000000000000109 /* MarkdownAnalyzer.swift */,
				BB0000000000000000000110 /* SampleDocument.swift */,
				BB0000000000000000000111 /* SnippetLibrary.swift */,
				BB0000000000000000000112 /* ClipboardService.swift */,
				BB0000000000000000000120 /* ImageResourceManager.swift */,
				BB0000000000000000000121 /* EditorSettingsStore.swift */,
				BB0000000000000000000122 /* MarkdownTableService.swift */,
				BB0000000000000000000123 /* MarkdownRenderService.swift */,
				BB0000000000000000000124 /* CodeHighlightingService.swift */,
				BB0000000000000000000125 /* DocumentExportService.swift */,
			);
			path = Services;
			sourceTree = "<group>";
		};
		BB00000000000000000000A6 /* Views */ = {
			isa = PBXGroup;
			children = (
				BB0000000000000000000113 /* EditorRootView.swift */,
				BB0000000000000000000114 /* EditorCanvasView.swift */,
				BB0000000000000000000115 /* OutlineSidebarView.swift */,
				BB0000000000000000000116 /* FrontmatterPanelView.swift */,
				BB0000000000000000000117 /* PreflightPanelView.swift */,
				BB0000000000000000000118 /* MarkdownPreviewView.swift */,
				BB0000000000000000000126 /* SettingsPanelView.swift */,
				BB0000000000000000000127 /* TableEditorPanelView.swift */,
			);
			path = Views;
			sourceTree = "<group>";
		};
/* End PBXGroup section */

/* Begin PBXNativeTarget section */
		BB0000000000000000000091 /* Writem */ = {
			isa = PBXNativeTarget;
			buildConfigurationList = BB00000000000000000000C2 /* Build configuration list for PBXNativeTarget "Writem" */;
			buildPhases = (
				BB00000000000000000000B1 /* Sources */,
				BB00000000000000000000D1 /* Frameworks */,
				BB00000000000000000000B2 /* Resources */,
			);
			buildRules = (
			);
			dependencies = (
			);
			name = Writem;
			productName = Writem;
			productReference = BB00000000000000000000F1 /* Writem.app */;
			productType = "com.apple.product-type.application";
		};
		BC0000000000000000000091 /* WritemMac */ = {
			isa = PBXNativeTarget;
			buildConfigurationList = BC00000000000000000000C2 /* Build configuration list for PBXNativeTarget "WritemMac" */;
			buildPhases = (
				BC00000000000000000000B1 /* Sources */,
				BC00000000000000000000D1 /* Frameworks */,
				BC00000000000000000000B2 /* Resources */,
			);
			buildRules = (
			);
			dependencies = (
			);
			name = WritemMac;
			productName = WritemMac;
			productReference = BC00000000000000000000F1 /* WritemMac.app */;
			productType = "com.apple.product-type.application";
		};
/* End PBXNativeTarget section */

/* Begin PBXProject section */
		BB0000000000000000000081 /* Project object */ = {
			isa = PBXProject;
			attributes = {
				BuildIndependentTargetsInParallel = 1;
				LastUpgradeCheck = 1600;
				TargetAttributes = {
					BB0000000000000000000091 = {
						CreatedOnToolsVersion = 16.0;
					};
					BC0000000000000000000091 = {
						CreatedOnToolsVersion = 16.0;
					};
				};
			};
			buildConfigurationList = BB00000000000000000000C1 /* Build configuration list for PBXProject "Writem" */;
			compatibilityVersion = "Xcode 14.0";
			developmentRegion = en;
			hasScannedForEncodings = 0;
			knownRegions = (
				en,
				Base,
			);
			mainGroup = BB00000000000000000000A1;
			productRefGroup = BB00000000000000000000A3 /* Products */;
			projectDirPath = "";
			projectRoot = "";
			targets = (
				BB0000000000000000000091 /* Writem */,
				BC0000000000000000000091 /* WritemMac */,
			);
		};
/* End PBXProject section */

/* Begin PBXResourcesBuildPhase section */
		BB00000000000000000000B2 /* Resources */ = {
			isa = PBXResourcesBuildPhase;
			buildActionMask = 2147483647;
			files = (
				BB0000000000000000000013 /* Assets.xcassets in Resources */,
			);
			runOnlyForDeploymentPostprocessing = 0;
		};
		BC00000000000000000000B2 /* Resources */ = {
			isa = PBXResourcesBuildPhase;
			buildActionMask = 2147483647;
			files = (
				BC0000000000000000000013 /* Assets.xcassets in Resources */,
			);
			runOnlyForDeploymentPostprocessing = 0;
		};
/* End PBXResourcesBuildPhase section */

/* Begin PBXSourcesBuildPhase section */
		BB00000000000000000000B1 /* Sources */ = {
			isa = PBXSourcesBuildPhase;
			buildActionMask = 2147483647;
			files = (
				BB0000000000000000000001 /* WritemApp.swift in Sources */,
				BB0000000000000000000002 /* MarkdownFileDocument.swift in Sources */,
				BB0000000000000000000003 /* EditorMode.swift in Sources */,
				BB0000000000000000000004 /* Frontmatter.swift in Sources */,
				BB0000000000000000000005 /* OutlineItem.swift in Sources */,
				BB0000000000000000000006 /* PreflightIssue.swift in Sources */,
				BB0000000000000000000007 /* LineWidthPreset.swift in Sources */,
				BB0000000000000000000008 /* FrontmatterParser.swift in Sources */,
				BB0000000000000000000009 /* MarkdownAnalyzer.swift in Sources */,
				BB000000000000000000000A /* SampleDocument.swift in Sources */,
				BB000000000000000000000B /* SnippetLibrary.swift in Sources */,
				BB000000000000000000000C /* ClipboardService.swift in Sources */,
				BB000000000000000000000D /* EditorRootView.swift in Sources */,
				BB000000000000000000000E /* EditorCanvasView.swift in Sources */,
				BB000000000000000000000F /* OutlineSidebarView.swift in Sources */,
				BB0000000000000000000010 /* FrontmatterPanelView.swift in Sources */,
				BB0000000000000000000011 /* PreflightPanelView.swift in Sources */,
				BB0000000000000000000012 /* MarkdownPreviewView.swift in Sources */,
				BB0000000000000000000014 /* ImageResourceManager.swift in Sources */,
				BB0000000000000000000015 /* EditorSettingsStore.swift in Sources */,
				BB0000000000000000000016 /* MarkdownTableService.swift in Sources */,
				BB0000000000000000000017 /* MarkdownRenderService.swift in Sources */,
				BB0000000000000000000018 /* CodeHighlightingService.swift in Sources */,
				BB0000000000000000000019 /* DocumentExportService.swift in Sources */,
				BB000000000000000000001A /* SettingsPanelView.swift in Sources */,
				BB000000000000000000001B /* TableEditorPanelView.swift in Sources */,
			);
			runOnlyForDeploymentPostprocessing = 0;
		};
		BC00000000000000000000B1 /* Sources */ = {
			isa = PBXSourcesBuildPhase;
			buildActionMask = 2147483647;
			files = (
				BC0000000000000000000001 /* WritemApp.swift in Sources */,
				BC0000000000000000000002 /* MarkdownFileDocument.swift in Sources */,
				BC0000000000000000000003 /* EditorMode.swift in Sources */,
				BC0000000000000000000004 /* Frontmatter.swift in Sources */,
				BC0000000000000000000005 /* OutlineItem.swift in Sources */,
				BC0000000000000000000006 /* PreflightIssue.swift in Sources */,
				BC0000000000000000000007 /* LineWidthPreset.swift in Sources */,
				BC0000000000000000000008 /* FrontmatterParser.swift in Sources */,
				BC0000000000000000000009 /* MarkdownAnalyzer.swift in Sources */,
				BC000000000000000000000A /* SampleDocument.swift in Sources */,
				BC000000000000000000000B /* SnippetLibrary.swift in Sources */,
				BC000000000000000000000C /* ClipboardService.swift in Sources */,
				BC000000000000000000000D /* EditorRootView.swift in Sources */,
				BC000000000000000000000E /* EditorCanvasView.swift in Sources */,
				BC000000000000000000000F /* OutlineSidebarView.swift in Sources */,
				BC0000000000000000000010 /* FrontmatterPanelView.swift in Sources */,
				BC0000000000000000000011 /* PreflightPanelView.swift in Sources */,
				BC0000000000000000000012 /* MarkdownPreviewView.swift in Sources */,
				BC0000000000000000000014 /* ImageResourceManager.swift in Sources */,
				BC0000000000000000000015 /* EditorSettingsStore.swift in Sources */,
				BC0000000000000000000016 /* MarkdownTableService.swift in Sources */,
				BC0000000000000000000017 /* MarkdownRenderService.swift in Sources */,
				BC0000000000000000000018 /* CodeHighlightingService.swift in Sources */,
				BC0000000000000000000019 /* DocumentExportService.swift in Sources */,
				BC000000000000000000001A /* SettingsPanelView.swift in Sources */,
				BC000000000000000000001B /* TableEditorPanelView.swift in Sources */,
			);
			runOnlyForDeploymentPostprocessing = 0;
		};
/* End PBXSourcesBuildPhase section */

/* Begin XCBuildConfiguration section */
		BB00000000000000000000E1 /* Debug */ = {
			isa = XCBuildConfiguration;
			buildSettings = {
				ALWAYS_SEARCH_USER_PATHS = NO;
				CLANG_ANALYZER_NONNULL = YES;
				CLANG_ANALYZER_NUMBER_OBJECT_CONVERSION = YES_AGGRESSIVE;
				CLANG_CXX_LANGUAGE_STANDARD = "gnu++20";
				CLANG_ENABLE_MODULES = YES;
				CLANG_ENABLE_OBJC_ARC = YES;
				CLANG_WARN_BLOCK_CAPTURE_AUTORELEASING = YES;
				CLANG_WARN_BOOL_CONVERSION = YES;
				CLANG_WARN_COMMA = YES;
				CLANG_WARN_CONSTANT_CONVERSION = YES;
				CLANG_WARN_DEPRECATED_OBJC_IMPLEMENTATIONS = YES;
				CLANG_WARN_DIRECT_OBJC_ISA_USAGE = YES_ERROR;
				CLANG_WARN_DOCUMENTATION_COMMENTS = YES;
				CLANG_WARN_EMPTY_BODY = YES;
				CLANG_WARN_ENUM_CONVERSION = YES;
				CLANG_WARN_INFINITE_RECURSION = YES;
				CLANG_WARN_INT_CONVERSION = YES;
				CLANG_WARN_NON_LITERAL_NULL_CONVERSION = YES;
				CLANG_WARN_OBJC_IMPLICIT_RETAIN_SELF = YES;
				CLANG_WARN_OBJC_LITERAL_CONVERSION = YES;
				CLANG_WARN_OBJC_ROOT_CLASS = YES_ERROR;
				CLANG_WARN_QUOTED_INCLUDE_IN_FRAMEWORK_HEADER = YES;
				CLANG_WARN_RANGE_LOOP_ANALYSIS = YES;
				CLANG_WARN_STRICT_PROTOTYPES = YES;
				CLANG_WARN_SUSPICIOUS_MOVE = YES;
				CLANG_WARN_UNGUARDED_AVAILABILITY = YES_AGGRESSIVE;
				CLANG_WARN_UNREACHABLE_CODE = YES;
				CLANG_WARN__DUPLICATE_METHOD_MATCH = YES;
				COPY_PHASE_STRIP = NO;
				DEBUG_INFORMATION_FORMAT = dwarf;
				ENABLE_STRICT_OBJC_MSGSEND = YES;
				ENABLE_TESTABILITY = YES;
				GCC_C_LANGUAGE_STANDARD = gnu17;
				GCC_DYNAMIC_NO_PIC = NO;
				GCC_NO_COMMON_BLOCKS = YES;
				GCC_OPTIMIZATION_LEVEL = 0;
				GCC_PREPROCESSOR_DEFINITIONS = (
					"DEBUG=1",
					"$(inherited)",
				);
				GCC_WARN_64_TO_32_BIT_CONVERSION = YES;
				GCC_WARN_ABOUT_RETURN_TYPE = YES_ERROR;
				GCC_WARN_UNDECLARED_SELECTOR = YES;
				GCC_WARN_UNINITIALIZED_AUTOS = YES_AGGRESSIVE;
				GCC_WARN_UNUSED_FUNCTION = YES;
				GCC_WARN_UNUSED_VARIABLE = YES;
				IPHONEOS_DEPLOYMENT_TARGET = 17.0;
				MTL_ENABLE_DEBUG_INFO = INCLUDE_SOURCE;
				MTL_FAST_MATH = YES;
				ONLY_ACTIVE_ARCH = YES;
				SDKROOT = iphoneos;
				SWIFT_ACTIVE_COMPILATION_CONDITIONS = DEBUG;
			};
			name = Debug;
		};
		BB00000000000000000000E2 /* Release */ = {
			isa = XCBuildConfiguration;
			buildSettings = {
				ALWAYS_SEARCH_USER_PATHS = NO;
				CLANG_ANALYZER_NONNULL = YES;
				CLANG_ANALYZER_NUMBER_OBJECT_CONVERSION = YES_AGGRESSIVE;
				CLANG_CXX_LANGUAGE_STANDARD = "gnu++20";
				CLANG_ENABLE_MODULES = YES;
				CLANG_ENABLE_OBJC_ARC = YES;
				CLANG_WARN_BLOCK_CAPTURE_AUTORELEASING = YES;
				CLANG_WARN_BOOL_CONVERSION = YES;
				CLANG_WARN_COMMA = YES;
				CLANG_WARN_CONSTANT_CONVERSION = YES;
				CLANG_WARN_DEPRECATED_OBJC_IMPLEMENTATIONS = YES;
				CLANG_WARN_DIRECT_OBJC_ISA_USAGE = YES_ERROR;
				CLANG_WARN_DOCUMENTATION_COMMENTS = YES;
				CLANG_WARN_EMPTY_BODY = YES;
				CLANG_WARN_ENUM_CONVERSION = YES;
				CLANG_WARN_INFINITE_RECURSION = YES;
				CLANG_WARN_INT_CONVERSION = YES;
				CLANG_WARN_NON_LITERAL_NULL_CONVERSION = YES;
				CLANG_WARN_OBJC_IMPLICIT_RETAIN_SELF = YES;
				CLANG_WARN_OBJC_LITERAL_CONVERSION = YES;
				CLANG_WARN_OBJC_ROOT_CLASS = YES_ERROR;
				CLANG_WARN_QUOTED_INCLUDE_IN_FRAMEWORK_HEADER = YES;
				CLANG_WARN_RANGE_LOOP_ANALYSIS = YES;
				CLANG_WARN_STRICT_PROTOTYPES = YES;
				CLANG_WARN_SUSPICIOUS_MOVE = YES;
				CLANG_WARN_UNGUARDED_AVAILABILITY = YES_AGGRESSIVE;
				CLANG_WARN_UNREACHABLE_CODE = YES;
				CLANG_WARN__DUPLICATE_METHOD_MATCH = YES;
				COPY_PHASE_STRIP = NO;
				DEBUG_INFORMATION_FORMAT = "dwarf-with-dsym";
				ENABLE_NS_ASSERTIONS = NO;
				ENABLE_STRICT_OBJC_MSGSEND = YES;
				GCC_C_LANGUAGE_STANDARD = gnu17;
				GCC_NO_COMMON_BLOCKS = YES;
				GCC_WARN_64_TO_32_BIT_CONVERSION = YES;
				GCC_WARN_ABOUT_RETURN_TYPE = YES_ERROR;
				GCC_WARN_UNDECLARED_SELECTOR = YES;
				GCC_WARN_UNINITIALIZED_AUTOS = YES_AGGRESSIVE;
				GCC_WARN_UNUSED_FUNCTION = YES;
				GCC_WARN_UNUSED_VARIABLE = YES;
				IPHONEOS_DEPLOYMENT_TARGET = 17.0;
				MTL_ENABLE_DEBUG_INFO = NO;
				MTL_FAST_MATH = YES;
				SDKROOT = iphoneos;
				SWIFT_COMPILATION_MODE = wholemodule;
				VALIDATE_PRODUCT = YES;
			};
			name = Release;
		};
		BB00000000000000000000E3 /* Debug */ = {
			isa = XCBuildConfiguration;
			buildSettings = {
				ASSETCATALOG_COMPILER_GLOBAL_ACCENT_COLOR_NAME = AccentColor;
				ASSETCATALOG_COMPILER_APPICON_NAME = AppIcon;
				CODE_SIGN_ENTITLEMENTS = Writem/Writem.entitlements;
				CODE_SIGN_STYLE = Automatic;
				CURRENT_PROJECT_VERSION = 1;
				DEVELOPMENT_TEAM = DU728CVQA2;
				ENABLE_PREVIEWS = YES;
				GENERATE_INFOPLIST_FILE = YES;
				INFOPLIST_KEY_CFBundleDisplayName = Writem;
				INFOPLIST_KEY_LSApplicationCategoryType = "public.app-category.productivity";
				INFOPLIST_KEY_UIApplicationSceneManifest_Generation = YES;
				INFOPLIST_KEY_UIApplicationSupportsIndirectInputEvents = YES;
				INFOPLIST_KEY_UILaunchScreen_Generation = YES;
				LD_RUNPATH_SEARCH_PATHS = (
					"$(inherited)",
					"@executable_path/Frameworks",
				);
				MARKETING_VERSION = 0.1.0;
				PRODUCT_BUNDLE_IDENTIFIER = com.karchan.writem;
				PRODUCT_NAME = "$(TARGET_NAME)";
				SDKROOT = iphoneos;
				SUPPORTED_PLATFORMS = "iphoneos iphonesimulator";
				SWIFT_EMIT_LOC_STRINGS = YES;
				SWIFT_VERSION = 5.0;
				TARGETED_DEVICE_FAMILY = "1,2";
			};
			name = Debug;
		};
		BB00000000000000000000E4 /* Release */ = {
			isa = XCBuildConfiguration;
			buildSettings = {
				ASSETCATALOG_COMPILER_GLOBAL_ACCENT_COLOR_NAME = AccentColor;
				ASSETCATALOG_COMPILER_APPICON_NAME = AppIcon;
				CODE_SIGN_ENTITLEMENTS = Writem/Writem.entitlements;
				CODE_SIGN_STYLE = Automatic;
				CURRENT_PROJECT_VERSION = 1;
				DEVELOPMENT_TEAM = DU728CVQA2;
				ENABLE_PREVIEWS = YES;
				GENERATE_INFOPLIST_FILE = YES;
				INFOPLIST_KEY_CFBundleDisplayName = Writem;
				INFOPLIST_KEY_LSApplicationCategoryType = "public.app-category.productivity";
				INFOPLIST_KEY_UIApplicationSceneManifest_Generation = YES;
				INFOPLIST_KEY_UIApplicationSupportsIndirectInputEvents = YES;
				INFOPLIST_KEY_UILaunchScreen_Generation = YES;
				LD_RUNPATH_SEARCH_PATHS = (
					"$(inherited)",
					"@executable_path/Frameworks",
				);
				MARKETING_VERSION = 0.1.0;
				PRODUCT_BUNDLE_IDENTIFIER = com.karchan.writem;
				PRODUCT_NAME = "$(TARGET_NAME)";
				SDKROOT = iphoneos;
				SUPPORTED_PLATFORMS = "iphoneos iphonesimulator";
				SWIFT_EMIT_LOC_STRINGS = YES;
				SWIFT_VERSION = 5.0;
				TARGETED_DEVICE_FAMILY = "1,2";
			};
			name = Release;
		};
		BC00000000000000000000E1 /* Debug */ = {
			isa = XCBuildConfiguration;
			buildSettings = {
				ASSETCATALOG_COMPILER_GLOBAL_ACCENT_COLOR_NAME = AccentColor;
				ASSETCATALOG_COMPILER_APPICON_NAME = AppIcon;
				CODE_SIGN_ENTITLEMENTS = Writem/Writem.entitlements;
				CODE_SIGN_STYLE = Automatic;
				CURRENT_PROJECT_VERSION = 1;
				DEVELOPMENT_TEAM = "";
				ENABLE_PREVIEWS = YES;
				GENERATE_INFOPLIST_FILE = YES;
				INFOPLIST_KEY_CFBundleDisplayName = Writem;
				INFOPLIST_KEY_LSApplicationCategoryType = "public.app-category.productivity";
				LD_RUNPATH_SEARCH_PATHS = (
					"$(inherited)",
					"@executable_path/../Frameworks",
				);
				MACOSX_DEPLOYMENT_TARGET = 14.0;
				MARKETING_VERSION = 0.1.0;
				PRODUCT_BUNDLE_IDENTIFIER = com.karchan.writem.mac;
				PRODUCT_NAME = WritemMac;
				SDKROOT = macosx;
				SUPPORTED_PLATFORMS = macosx;
				SWIFT_EMIT_LOC_STRINGS = YES;
				SWIFT_VERSION = 5.0;
			};
			name = Debug;
		};
		BC00000000000000000000E2 /* Release */ = {
			isa = XCBuildConfiguration;
			buildSettings = {
				ASSETCATALOG_COMPILER_GLOBAL_ACCENT_COLOR_NAME = AccentColor;
				ASSETCATALOG_COMPILER_APPICON_NAME = AppIcon;
				CODE_SIGN_ENTITLEMENTS = Writem/Writem.entitlements;
				CODE_SIGN_STYLE = Automatic;
				CURRENT_PROJECT_VERSION = 1;
				DEVELOPMENT_TEAM = "";
				ENABLE_PREVIEWS = YES;
				GENERATE_INFOPLIST_FILE = YES;
				INFOPLIST_KEY_CFBundleDisplayName = Writem;
				INFOPLIST_KEY_LSApplicationCategoryType = "public.app-category.productivity";
				LD_RUNPATH_SEARCH_PATHS = (
					"$(inherited)",
					"@executable_path/../Frameworks",
				);
				MACOSX_DEPLOYMENT_TARGET = 14.0;
				MARKETING_VERSION = 0.1.0;
				PRODUCT_BUNDLE_IDENTIFIER = com.karchan.writem.mac;
				PRODUCT_NAME = WritemMac;
				SDKROOT = macosx;
				SUPPORTED_PLATFORMS = macosx;
				SWIFT_EMIT_LOC_STRINGS = YES;
				SWIFT_VERSION = 5.0;
			};
			name = Release;
		};
/* End XCBuildConfiguration section */

/* Begin XCConfigurationList section */
		BB00000000000000000000C1 /* Build configuration list for PBXProject "Writem" */ = {
			isa = XCConfigurationList;
			buildConfigurations = (
				BB00000000000000000000E1 /* Debug */,
				BB00000000000000000000E2 /* Release */,
			);
			defaultConfigurationIsVisible = 0;
			defaultConfigurationName = Release;
		};
		BB00000000000000000000C2 /* Build configuration list for PBXNativeTarget "Writem" */ = {
			isa = XCConfigurationList;
			buildConfigurations = (
				BB00000000000000000000E3 /* Debug */,
				BB00000000000000000000E4 /* Release */,
			);
			defaultConfigurationIsVisible = 0;
			defaultConfigurationName = Release;
		};
		BC00000000000000000000C2 /* Build configuration list for PBXNativeTarget "WritemMac" */ = {
			isa = XCConfigurationList;
			buildConfigurations = (
				BC00000000000000000000E1 /* Debug */,
				BC00000000000000000000E2 /* Release */,
			);
			defaultConfigurationIsVisible = 0;
			defaultConfigurationName = Release;
		};
/* End XCConfigurationList section */
	};
	rootObject = BB0000000000000000000081 /* Project object */;
}
